{
    "_meta": {
        "hash": {
            "sha256": "5f2228ecffbaeb9a3c0372f749f331b543cc00c14883974521be822e8d10a292"
        },
        "pipfile-spec": 6,
        "requires": {
            "python_version": "3.11"
        },
        "sources": [
            {
                "name": "pypi",
                "url": "https://pypi.org/simple",
                "verify_ssl": true
            }
        ]
    },
    "default": {},
    "develop": {
        "aws-lambda-powertools": {
            "hashes": [
                "sha256:1dc08eddd04520cb400085c13db162cf84020d4803192d88c0d2742d77ce3758",
                "sha256:daa42b1060bc42bf473c984257345bef17e5bded18ec1d6680ce97ca25c1dfbb"
            ],
            "index": "pypi",
            "markers": "python_full_version >= '3.7.4' and python_full_version < '4.0.0'",
            "version": "==2.23.1"
        },
        "boto3": {
            "hashes": [
                "sha256:580b584e36967155abed7cc9b088b3bd784e8242ae4d8841f58cb50ab05520dc",
                "sha256:d77415f22bbc14f3d72eaed2fc9f96d161f3ba7686922ad26d6bbc9d4985f3df"
            ],
            "index": "pypi",
            "markers": "python_version >= '3.7'",
            "version": "==1.28.35"
        },
        "boto3-stubs": {
            "extras": [
                "essential"
            ],
            "hashes": [
                "sha256:68c9c5b88982aea2023225815cf4aef8ec8deeecce9b6225d2d71cfad2247a10",
                "sha256:7fca135b829888dea640b13d1ba508e3b2c0c31135ca8b07a11dda0247067d37"
            ],
            "markers": "python_version >= '3.7'",
            "version": "==1.28.35"
        },
        "botocore": {
            "hashes": [
                "sha256:7e4534325262f43293a9cc9937cb3f1711365244ffde8b925a6ee862bcf30a83",
                "sha256:943e1465aad66db4933b06809134bd08c5b05e8eb18c19742ffec82f54769457"
            ],
            "markers": "python_version >= '3.7'",
            "version": "==1.31.35"
        },
        "botocore-stubs": {
            "hashes": [
                "sha256:19cf4813f717ebf112eeb8908c61385bce44163d5e827cc3debe5a6b63f4ef04",
                "sha256:96858fb8bcf1f4413629b1f9484588e5d6bf3f9c20a37b2e760edf94f4b64c00"
            ],
            "markers": "python_version >= '3.7' and python_version < '4.0'",
            "version": "==1.31.35"
        },
        "exceptiongroup": {
            "hashes": [
                "sha256:097acd85d473d75af5bb98e41b61ff7fe35efe6675e4f9370ec6ec5126d160e9",
                "sha256:343280667a4585d195ca1cf9cef84a4e178c4b6cf2274caef9859782b567d5e3"
            ],
            "markers": "python_version < '3.11'",
            "version": "==1.1.3"
        },
        "iniconfig": {
            "hashes": [
                "sha256:2d91e135bf72d31a410b17c16da610a82cb55f6b0477d1a902134b24a455b8b3",
                "sha256:b6a85871a79d2e3b22d2d1b94ac2824226a63c6b741c88f7ae975f18b6778374"
            ],
            "markers": "python_version >= '3.7'",
            "version": "==2.0.0"
        },
        "jmespath": {
            "hashes": [
                "sha256:02e2e4cc71b5bcab88332eebf907519190dd9e6e82107fa7f83b1003a6252980",
                "sha256:90261b206d6defd58fdd5e85f478bf633a2901798906be2ad389150c5c60edbe"
            ],
            "markers": "python_version >= '3.7'",
            "version": "==1.0.1"
        },
        "mypy": {
            "hashes": [
                "sha256:159aa9acb16086b79bbb0016145034a1a05360626046a929f84579ce1666b315",
                "sha256:258b22210a4a258ccd077426c7a181d789d1121aca6db73a83f79372f5569ae0",
                "sha256:26f71b535dfc158a71264e6dc805a9f8d2e60b67215ca0bfa26e2e1aa4d4d373",
                "sha256:26fb32e4d4afa205b24bf645eddfbb36a1e17e995c5c99d6d00edb24b693406a",
                "sha256:2fc3a600f749b1008cc75e02b6fb3d4db8dbcca2d733030fe7a3b3502902f161",
                "sha256:32cb59609b0534f0bd67faebb6e022fe534bdb0e2ecab4290d683d248be1b275",
                "sha256:330857f9507c24de5c5724235e66858f8364a0693894342485e543f5b07c8693",
                "sha256:361da43c4f5a96173220eb53340ace68cda81845cd88218f8862dfb0adc8cddb",
                "sha256:4a465ea2ca12804d5b34bb056be3a29dc47aea5973b892d0417c6a10a40b2d65",
                "sha256:51cb1323064b1099e177098cb939eab2da42fea5d818d40113957ec954fc85f4",
                "sha256:57b10c56016adce71fba6bc6e9fd45d8083f74361f629390c556738565af8eeb",
                "sha256:596fae69f2bfcb7305808c75c00f81fe2829b6236eadda536f00610ac5ec2243",
                "sha256:5d627124700b92b6bbaa99f27cbe615c8ea7b3402960f6372ea7d65faf376c14",
                "sha256:6ac9c21bfe7bc9f7f1b6fae441746e6a106e48fc9de530dea29e8cd37a2c0cc4",
                "sha256:82cb6193de9bbb3844bab4c7cf80e6227d5225cc7625b068a06d005d861ad5f1",
                "sha256:8f772942d372c8cbac575be99f9cc9d9fb3bd95c8bc2de6c01411e2c84ebca8a",
                "sha256:9fece120dbb041771a63eb95e4896791386fe287fefb2837258925b8326d6160",
                "sha256:a156e6390944c265eb56afa67c74c0636f10283429171018446b732f1a05af25",
                "sha256:a9ec1f695f0c25986e6f7f8778e5ce61659063268836a38c951200c57479cc12",
                "sha256:abed92d9c8f08643c7d831300b739562b0a6c9fcb028d211134fc9ab20ccad5d",
                "sha256:b031b9601f1060bf1281feab89697324726ba0c0bae9d7cd7ab4b690940f0b92",
                "sha256:c543214ffdd422623e9fedd0869166c2f16affe4ba37463975043ef7d2ea8770",
                "sha256:d28ddc3e3dfeab553e743e532fb95b4e6afad51d4706dd22f28e1e5e664828d2",
                "sha256:f33592ddf9655a4894aef22d134de7393e95fcbdc2d15c1ab65828eee5c66c70",
                "sha256:f6b0e77db9ff4fda74de7df13f30016a0a663928d669c9f2c057048ba44f09bb",
                "sha256:f757063a83970d67c444f6e01d9550a7402322af3557ce7630d3c957386fa8f5",
                "sha256:ff0cedc84184115202475bbb46dd99f8dcb87fe24d5d0ddfc0fe6b8575c88d2f"
            ],
            "index": "pypi",
            "markers": "python_version >= '3.8'",
            "version": "==1.5.1"
        },
        "mypy-boto3-cloudformation": {
            "hashes": [
                "sha256:aadf78eb2f2e3b2e83a4844a80d0c5d0d72ad11c453a11efdd28b0c309b05bf6",
                "sha256:efb08a2a6d7c744d0d8d60f04514c531355aa7972b53f025d9e08e3adf3a5504"
            ],
            "version": "==1.28.19"
        },
        "mypy-boto3-dynamodb": {
            "hashes": [
                "sha256:218f7bcb04010058aea5a735d52b87c4f70e8c5feb44e64ab6baf377ebb4e22a",
                "sha256:b6786cf953e65293ec25c791e7efcd8ededceb6bda2e04910785b0f62584417d"
            ],
            "version": "==1.28.27"
        },
        "mypy-boto3-ec2": {
            "hashes": [
                "sha256:66585c613e9558ca9ab9d4c74ada49559a0e8e976c24b6ba735dfb51395681bd",
                "sha256:d1bcc185719eb47a00c430a12d844e071e4c95a7995e1361b3fc9137a67e3d98"
            ],
            "version": "==1.28.34"
        },
        "mypy-boto3-lambda": {
            "hashes": [
                "sha256:88582f8ca71bd7a6bbcf8b05155476f0a9dea79630a4da36d367482925241710",
                "sha256:955b7702f02f2037ba4c058f6dcebfcce50090ac13c9d031a0052fa9136ec59e"
            ],
            "version": "==1.28.19"
        },
        "mypy-boto3-rds": {
            "hashes": [
                "sha256:55ca6951a6bbd774603a30b0322babbbf19eaec7c3187c24e62a263f932cc4a7",
                "sha256:70f846577e03740b97872977abb9e501635ad63ec55885626311d8942a8d8628"
            ],
            "version": "==1.28.34"
        },
        "mypy-boto3-s3": {
            "hashes": [
                "sha256:f1094344f68d1ffe2b998404e2e4ff9aa4239438692187fa83ad7b734739991c",
                "sha256:f4fdefbfe084c92a6b3d000689e61ab12a985a72b07c5ff157f8a66bcbdb83ba"
            ],
            "version": "==1.28.27"
        },
        "mypy-boto3-sqs": {
            "hashes": [
                "sha256:43b3a07fac551334d64573c678d4a1657bb05b3e8e9f8a4f877dfccfa750b3c1",
                "sha256:cc3977abc810570a5c7b95907db38889db5c7012a39bb90f2c940aca6da92181"
            ],
            "version": "==1.28.19"
        },
        "mypy-extensions": {
            "hashes": [
                "sha256:4392f6c0eb8a5668a69e23d168ffa70f0be9ccfd32b5cc2d26a34ae5b844552d",
                "sha256:75dbf8955dc00442a438fc4d0666508a9a97b6bd41aa2f0ffe9d2f2725af0782"
            ],
            "markers": "python_version >= '3.5'",
            "version": "==1.0.0"
        },
        "packaging": {
            "hashes": [
                "sha256:994793af429502c4ea2ebf6bf664629d07c1a9fe974af92966e4b8d2df7edc61",
                "sha256:a392980d2b6cffa644431898be54b0045151319d1e7ec34f0cfed48767dd334f"
            ],
            "markers": "python_version >= '3.7'",
            "version": "==23.1"
        },
        "pluggy": {
            "hashes": [
                "sha256:c2fd55a7d7a3863cba1a013e4e2414658b1d07b6bc57b3919e0c63c9abb99849",
                "sha256:d12f0c4b579b15f5e054301bb226ee85eeeba08ffec228092f8defbaa3a4c4b3"
            ],
            "markers": "python_version >= '3.7'",
            "version": "==1.2.0"
        },
        "pytest": {
            "hashes": [
                "sha256:78bf16451a2eb8c7a2ea98e32dc119fd2aa758f1d5d66dbf0a59d69a3969df32",
                "sha256:b4bf8c45bd59934ed84001ad51e11b4ee40d40a1229d2c79f9c592b0a3f6bd8a"
            ],
            "index": "pypi",
            "markers": "python_version >= '3.7'",
            "version": "==7.4.0"
        },
        "python-dateutil": {
            "hashes": [
                "sha256:0123cacc1627ae19ddf3c27a5de5bd67ee4586fbdd6440d9748f8abb483d3e86",
                "sha256:961d03dc3453ebbc59dbdea9e4e11c5651520a876d0f4db161e8674aae935da9"
            ],
            "markers": "python_version >= '2.7' and python_version not in '3.0, 3.1, 3.2, 3.3'",
            "version": "==2.8.2"
        },
        "s3transfer": {
            "hashes": [
                "sha256:b014be3a8a2aab98cfe1abc7229cc5a9a0cf05eb9c1f2b86b230fd8df3f78084",
                "sha256:cab66d3380cca3e70939ef2255d01cd8aece6a4907a9528740f668c4b0611861"
            ],
            "markers": "python_version >= '3.7'",
            "version": "==0.6.2"
        },
        "six": {
            "hashes": [
                "sha256:1e61c37477a1626458e36f7b1d82aa5c9b094fa4802892072e49de9c60c4c926",
                "sha256:8abb2f1d86890a2dfb989f9a77cfcfd3e47c2a354b01111771326f8aa26e0254"
            ],
            "markers": "python_version >= '2.7' and python_version not in '3.0, 3.1, 3.2, 3.3'",
            "version": "==1.16.0"
        },
        "tomli": {
            "hashes": [
                "sha256:939de3e7a6161af0c887ef91b7d41a53e7c5a1ca976325f429cb46ea9bc30ecc",
                "sha256:de526c12914f0c550d15924c62d72abc48d6fe7364aa87328337a31007fe8a4f"
            ],
            "markers": "python_version < '3.11'",
            "version": "==2.0.1"
        },
        "types-awscrt": {
            "hashes": [
                "sha256:0e31d7ba44e1898af37d224b94d28ffaef19baf89bb18ea2599de9ac0910a07f",
                "sha256:eaef60422cf716b4ae216f164b74d679c82b0d9c53db380a37deb29ae5579b1b"
            ],
            "markers": "python_version >= '3.7' and python_version < '4.0'",
            "version": "==0.19.0"
        },
        "types-s3transfer": {
            "hashes": [
                "sha256:1068877b6e59be5226fa3006ae64371ac9d5bc590dfdbd9c66fd0a075d3254ac",
                "sha256:4ba9b483796fdcd026aa162ee03bdcedd2bf7d08e9387c820dcdd158b0102057"
            ],
            "markers": "python_version >= '3.7' and python_version < '4.0'",
            "version": "==0.6.2"
        },
        "typing-extensions": {
            "hashes": [
                "sha256:440d5dd3af93b060174bf433bccd69b0babc3b15b1a8dca43789fd7f61514b36",
                "sha256:b75ddc264f0ba5615db7ba217daeb99701ad295353c45f9e95963337ceeeffb2"
            ],
            "markers": "python_version >= '3.7'",
            "version": "==4.7.1"
        },
        "urllib3": {
            "hashes": [
                "sha256:8d36afa7616d8ab714608411b4a3b13e58f463aee519024578e062e141dce20f",
                "sha256:8f135f6502756bde6b2a9b28989df5fbe87c9970cecaa69041edcce7f0589b14"
            ],
            "markers": "python_version >= '2.7' and python_version not in '3.0, 3.1, 3.2, 3.3, 3.4, 3.5'",
            "version": "==1.26.16"
        }
    }
}
